
Microsoft Visual Studio Solution File, Format Version 12.00
# Visual Studio Version 17
VisualStudioVersion = 17.14.36518.9 d17.14
MinimumVisualStudioVersion = 10.0.40219.1
Project("{FAE04EC0-301F-11D3-BF4B-00C04F79EFBC}") = "Task3_TaskManager", "Task3_TaskManager\Task3_TaskManager.csproj", "{78F0EF22-330A-4C54-AC4D-0B2D08C72F29}"
EndProject
Global
	GlobalSection(SolutionConfigurationPlatforms) = preSolution
		Debug|Any CPU = Debug|Any CPU
		Release|Any CPU = Release|Any CPU
	EndGlobalSection
	GlobalSection(ProjectConfigurationPlatforms) = postSolution
		{78F0EF22-330A-4C54-AC4D-0B2D08C72F29}.Debug|Any CPU.ActiveCfg = Debug|Any CPU
		{78F0EF22-330A-4C54-AC4D-0B2D08C72F29}.Debug|Any CPU.Build.0 = Debug|Any CPU
		{78F0EF22-330A-4C54-AC4D-0B2D08C72F29}.Release|Any CPU.ActiveCfg = Release|Any CPU
		{78F0EF22-330A-4C54-AC4D-0B2D08C72F29}.Release|Any CPU.Build.0 = Release|Any CPU
	EndGlobalSection
	GlobalSection(SolutionProperties) = preSolution
		HideSolutionNode = FALSE
	EndGlobalSection
	GlobalSection(ExtensibilityGlobals) = postSolution
		SolutionGuid = {E18CC85F-36AC-4E15-B448-FC28B36439E5}
	EndGlobalSection
EndGlobal
